<?xml version="1.0" encoding="utf-8"?>
<Project ToolsVersion="4.0" xmlns="http://schemas.microsoft.com/developer/msbuild/2003">
  <ItemGroup>
    <Filter Include="Source Files">
      <UniqueIdentifier>{4FC737F1-C7A5-4376-A066-2A32D752A2FF}</UniqueIdentifier>
      <Extensions>cpp;c;cc;cxx;def;odl;idl;hpj;bat;asm;asmx</Extensions>
    </Filter>
    <Filter Include="Header Files">
      <UniqueIdentifier>{93995380-89BD-4b04-88EB-625FBE52EBFB}</UniqueIdentifier>
      <Extensions>h;hh;hpp;hxx;hm;inl;inc;xsd</Extensions>
    </Filter>
    <Filter Include="Resource Files">
      <UniqueIdentifier>{67DA6AB6-F800-4c08-8B7A-83BB121AAD01}</UniqueIdentifier>
      <Extensions>rc;ico;cur;bmp;dlg;rc2;rct;bin;rgs;gif;jpg;jpeg;jpe;resx;tiff;tif;png;wav;mfcribbon-ms</Extensions>
    </Filter>
    <Filter Include="Source Files\core">
      <UniqueIdentifier>{244950f6-12bf-48ba-ba80-8c178c114f91}</UniqueIdentifier>
    </Filter>
    <Filter Include="Source Files\ctrl">
      <UniqueIdentifier>{42534b7c-aab7-42fb-80e7-08d7a666ce92}</UniqueIdentifier>
    </Filter>
  </ItemGroup>
  <ItemGroup>
    <ClCompile Include="..\3rd\taowin\core\tw_control.cpp">
      <Filter>Source Files\core</Filter>
    </ClCompile>
    <ClCompile Include="..\3rd\taowin\core\tw_menu.cpp">
      <Filter>Source Files\core</Filter>
    </ClCompile>
    <ClCompile Include="..\3rd\taowin\core\tw_parser.cpp">
      <Filter>Source Files\core</Filter>
    </ClCompile>
    <ClCompile Include="..\3rd\taowin\core\tw_resmgr.cpp">
      <Filter>Source Files\core</Filter>
    </ClCompile>
    <ClCompile Include="..\3rd\taowin\core\tw_syscontrols.cpp">
      <Filter>Source Files\core</Filter>
    </ClCompile>
    <ClCompile Include="..\3rd\taowin\core\tw_taowin.cpp">
      <Filter>Source Files\core</Filter>
    </ClCompile>
    <ClCompile Include="..\3rd\taowin\core\tw_util.cpp">
      <Filter>Source Files\core</Filter>
    </ClCompile>
    <ClCompile Include="..\3rd\taowin\core\tw_window.cpp">
      <Filter>Source Files\core</Filter>
    </ClCompile>
    <ClCompile Include="..\3rd\taowin\ctrl\button.cpp">
      <Filter>Source Files\ctrl</Filter>
    </ClCompile>
    <ClCompile Include="..\3rd\taowin\ctrl\combobox.cpp">
      <Filter>Source Files\ctrl</Filter>
    </ClCompile>
    <ClCompile Include="..\3rd\taowin\ctrl\edit.cpp">
      <Filter>Source Files\ctrl</Filter>
    </ClCompile>
    <ClCompile Include="..\3rd\taowin\ctrl\header.cpp">
      <Filter>Source Files\ctrl</Filter>
    </ClCompile>
    <ClCompile Include="..\3rd\taowin\ctrl\listview.cpp">
      <Filter>Source Files\ctrl</Filter>
    </ClCompile>
    <ClCompile Include="..\3rd\taowin\ctrl\progress.cpp">
      <Filter>Source Files\ctrl</Filter>
    </ClCompile>
    <ClCompile Include="..\3rd\taowin\ctrl\tabctrl.cpp">
      <Filter>Source Files\ctrl</Filter>
    </ClCompile>
    <ClCompile Include="..\3rd\taowin\ctrl\webview.cpp">
      <Filter>Source Files\ctrl</Filter>
    </ClCompile>
  </ItemGroup>
  <ItemGroup>
    <ClInclude Include="..\3rd\taowin\core\tw_control.h">
      <Filter>Source Files\core</Filter>
    </ClInclude>
    <ClInclude Include="..\3rd\taowin\core\tw_menu.h">
      <Filter>Source Files\core</Filter>
    </ClInclude>
    <ClInclude Include="..\3rd\taowin\core\tw_parser.h">
      <Filter>Source Files\core</Filter>
    </ClInclude>
    <ClInclude Include="..\3rd\taowin\core\tw_resmgr.h">
      <Filter>Source Files\core</Filter>
    </ClInclude>
    <ClInclude Include="..\3rd\taowin\core\tw_syscontrols.h">
      <Filter>Source Files\core</Filter>
    </ClInclude>
    <ClInclude Include="..\3rd\taowin\core\tw_taowin.h">
      <Filter>Source Files\core</Filter>
    </ClInclude>
    <ClInclude Include="..\3rd\taowin\core\tw_util.h">
      <Filter>Source Files\core</Filter>
    </ClInclude>
    <ClInclude Include="..\3rd\taowin\core\tw_window.h">
      <Filter>Source Files\core</Filter>
    </ClInclude>
    <ClInclude Include="..\3rd\taowin\ctrl\button.h">
      <Filter>Source Files\ctrl</Filter>
    </ClInclude>
    <ClInclude Include="..\3rd\taowin\ctrl\combobox.h">
      <Filter>Source Files\ctrl</Filter>
    </ClInclude>
    <ClInclude Include="..\3rd\taowin\ctrl\edit.h">
      <Filter>Source Files\ctrl</Filter>
    </ClInclude>
    <ClInclude Include="..\3rd\taowin\ctrl\header.h">
      <Filter>Source Files\ctrl</Filter>
    </ClInclude>
    <ClInclude Include="..\3rd\taowin\ctrl\listview.h">
      <Filter>Source Files\ctrl</Filter>
    </ClInclude>
    <ClInclude Include="..\3rd\taowin\ctrl\progress.h">
      <Filter>Source Files\ctrl</Filter>
    </ClInclude>
    <ClInclude Include="..\3rd\taowin\ctrl\tabctrl.h">
      <Filter>Source Files\ctrl</Filter>
    </ClInclude>
    <ClInclude Include="..\3rd\taowin\ctrl\webview.h">
      <Filter>Source Files\ctrl</Filter>
    </ClInclude>
    <ClInclude Include="..\3rd\taowin\util\com_hlp.hpp">
      <Filter>Source Files</Filter>
    </ClInclude>
    <ClInclude Include="..\3rd\taowin\util\win_hlp.hpp">
      <Filter>Source Files</Filter>
    </ClInclude>
  </ItemGroup>
</Project>