<?xml version="1.0" encoding="utf-8"?>
<Project ToolsVersion="4.0" xmlns="http://schemas.microsoft.com/developer/msbuild/2003">
  <ItemGroup>
    <Filter Include="Source Files">
      <UniqueIdentifier>{4FC737F1-C7A5-4376-A066-2A32D752A2FF}</UniqueIdentifier>
      <Extensions>cpp;c;cc;cxx;def;odl;idl;hpj;bat;asm;asmx</Extensions>
    </Filter>
    <Filter Include="Resource Files">
      <UniqueIdentifier>{67DA6AB6-F800-4c08-8B7A-83BB121AAD01}</UniqueIdentifier>
      <Extensions>rc;ico;cur;bmp;dlg;rc2;rct;bin;rgs;gif;jpg;jpeg;jpe;resx;tiff;tif;png;wav;mfcribbon-ms</Extensions>
    </Filter>
    <Filter Include="Source Files\etw">
      <UniqueIdentifier>{7acd843e-c1d4-483f-922d-8dd2b7b94753}</UniqueIdentifier>
    </Filter>
    <Filter Include="Source Files\gui">
      <UniqueIdentifier>{8a0991d9-164b-4be7-ac08-f4e7a509f62e}</UniqueIdentifier>
    </Filter>
    <Filter Include="Source Files\3rd">
      <UniqueIdentifier>{9a18babb-36f2-48c6-8c4c-334863b4e134}</UniqueIdentifier>
    </Filter>
    <Filter Include="Source Files\3rd\taowin">
      <UniqueIdentifier>{efdaa5a1-8fad-4f69-af4f-45461087fb15}</UniqueIdentifier>
    </Filter>
    <Filter Include="Source Files\3rd\json11">
      <UniqueIdentifier>{7a710f4d-174e-4416-9a2f-a6b8471f977f}</UniqueIdentifier>
    </Filter>
    <Filter Include="Source Files\inc">
      <UniqueIdentifier>{da573099-c8e2-43fe-95e1-bc29ca0239a2}</UniqueIdentifier>
    </Filter>
    <Filter Include="Source Files\misc">
      <UniqueIdentifier>{59c04a97-b7a3-496f-a169-749c66b58f14}</UniqueIdentifier>
    </Filter>
  </ItemGroup>
  <ItemGroup>
    <ClCompile Include="..\3rd\taowin\src\tw_control.cpp">
      <Filter>Source Files\3rd\taowin</Filter>
    </ClCompile>
    <ClCompile Include="..\3rd\taowin\src\tw_parser.cpp">
      <Filter>Source Files\3rd\taowin</Filter>
    </ClCompile>
    <ClCompile Include="..\3rd\taowin\src\tw_resmgr.cpp">
      <Filter>Source Files\3rd\taowin</Filter>
    </ClCompile>
    <ClCompile Include="..\3rd\taowin\src\tw_syscontrols.cpp">
      <Filter>Source Files\3rd\taowin</Filter>
    </ClCompile>
    <ClCompile Include="..\3rd\taowin\src\tw_taowin.cpp">
      <Filter>Source Files\3rd\taowin</Filter>
    </ClCompile>
    <ClCompile Include="..\3rd\taowin\src\tw_util.cpp">
      <Filter>Source Files\3rd\taowin</Filter>
    </ClCompile>
    <ClCompile Include="..\3rd\taowin\src\tw_window.cpp">
      <Filter>Source Files\3rd\taowin</Filter>
    </ClCompile>
    <ClCompile Include="..\src\consumer.cpp">
      <Filter>Source Files\etw</Filter>
    </ClCompile>
    <ClCompile Include="..\src\controller.cpp">
      <Filter>Source Files\etw</Filter>
    </ClCompile>
    <ClCompile Include="..\src\column_selection.cpp">
      <Filter>Source Files\gui</Filter>
    </ClCompile>
    <ClCompile Include="..\src\module_manager.cpp">
      <Filter>Source Files\gui</Filter>
    </ClCompile>
    <ClCompile Include="..\src\module_editor.cpp">
      <Filter>Source Files\gui</Filter>
    </ClCompile>
    <ClCompile Include="..\src\event_detail.cpp">
      <Filter>Source Files\gui</Filter>
    </ClCompile>
    <ClCompile Include="..\src\main_window.cpp">
      <Filter>Source Files\gui</Filter>
    </ClCompile>
    <ClCompile Include="..\src\main.cpp">
      <Filter>Source Files</Filter>
    </ClCompile>
    <ClCompile Include="..\src\result_filter.cpp">
      <Filter>Source Files\gui</Filter>
    </ClCompile>
    <ClCompile Include="..\src\event_container.cpp">
      <Filter>Source Files\gui</Filter>
    </ClCompile>
    <ClCompile Include="..\3rd\json11\json11.cpp">
      <Filter>Source Files\3rd\json11</Filter>
    </ClCompile>
    <ClCompile Include="..\src\config.cpp">
      <Filter>Source Files</Filter>
    </ClCompile>
    <ClCompile Include="..\src\listview_color.cpp">
      <Filter>Source Files\gui</Filter>
    </ClCompile>
    <ClCompile Include="..\src\stdafx.cpp">
      <Filter>Source Files</Filter>
    </ClCompile>
    <ClCompile Include="..\src\utils.cpp">
      <Filter>Source Files\misc</Filter>
    </ClCompile>
    <ClCompile Include="..\src\mini_view.cpp">
      <Filter>Source Files\gui</Filter>
    </ClCompile>
    <ClCompile Include="..\src\tooltip_window.cpp">
      <Filter>Source Files\gui</Filter>
    </ClCompile>
    <ClCompile Include="..\src\event_system.cpp">
      <Filter>Source Files\misc</Filter>
    </ClCompile>
  </ItemGroup>
  <ItemGroup>
    <ClInclude Include="..\3rd\taowin\src\tw_control.h">
      <Filter>Source Files\3rd\taowin</Filter>
    </ClInclude>
    <ClInclude Include="..\3rd\taowin\src\tw_parser.h">
      <Filter>Source Files\3rd\taowin</Filter>
    </ClInclude>
    <ClInclude Include="..\3rd\taowin\src\tw_resmgr.h">
      <Filter>Source Files\3rd\taowin</Filter>
    </ClInclude>
    <ClInclude Include="..\3rd\taowin\src\tw_syscontrols.h">
      <Filter>Source Files\3rd\taowin</Filter>
    </ClInclude>
    <ClInclude Include="..\3rd\taowin\src\tw_taowin.h">
      <Filter>Source Files\3rd\taowin</Filter>
    </ClInclude>
    <ClInclude Include="..\3rd\taowin\src\tw_util.h">
      <Filter>Source Files\3rd\taowin</Filter>
    </ClInclude>
    <ClInclude Include="..\3rd\taowin\src\tw_window.h">
      <Filter>Source Files\3rd\taowin</Filter>
    </ClInclude>
    <ClInclude Include="..\src\consumer.h">
      <Filter>Source Files\etw</Filter>
    </ClInclude>
    <ClInclude Include="..\src\controller.h">
      <Filter>Source Files\etw</Filter>
    </ClInclude>
    <ClInclude Include="..\src\column_selection.h">
      <Filter>Source Files\gui</Filter>
    </ClInclude>
    <ClInclude Include="..\src\module_manager.h">
      <Filter>Source Files\gui</Filter>
    </ClInclude>
    <ClInclude Include="..\src\module_editor.h">
      <Filter>Source Files\gui</Filter>
    </ClInclude>
    <ClInclude Include="..\src\event_detail.h">
      <Filter>Source Files\gui</Filter>
    </ClInclude>
    <ClInclude Include="..\src\main_window.h">
      <Filter>Source Files\gui</Filter>
    </ClInclude>
    <ClInclude Include="..\src\_module_entry.hpp">
      <Filter>Source Files\gui</Filter>
    </ClInclude>
    <ClInclude Include="..\src\result_filter.h">
      <Filter>Source Files\gui</Filter>
    </ClInclude>
    <ClInclude Include="..\src\event_container.h">
      <Filter>Source Files\gui</Filter>
    </ClInclude>
    <ClInclude Include="..\3rd\json11\json11.hpp">
      <Filter>Source Files\3rd\json11</Filter>
    </ClInclude>
    <ClInclude Include="..\src\config.h">
      <Filter>Source Files</Filter>
    </ClInclude>
    <ClInclude Include="..\src\_logdata_define.hpp">
      <Filter>Source Files\gui</Filter>
    </ClInclude>
    <ClInclude Include="..\inc\etwlogger.h">
      <Filter>Source Files\inc</Filter>
    </ClInclude>
    <ClInclude Include="..\src\listview_color.h">
      <Filter>Source Files\gui</Filter>
    </ClInclude>
    <ClInclude Include="..\src\stdafx.h">
      <Filter>Source Files</Filter>
    </ClInclude>
    <ClInclude Include="..\src\utils.h">
      <Filter>Source Files\misc</Filter>
    </ClInclude>
    <ClInclude Include="..\src\mini_view.h">
      <Filter>Source Files\gui</Filter>
    </ClInclude>
    <ClInclude Include="..\src\tooltip_window.h">
      <Filter>Source Files\gui</Filter>
    </ClInclude>
    <ClInclude Include="../res/resource.h">
      <Filter>Resource Files</Filter>
    </ClInclude>
    <ClInclude Include="..\src\event_system.h">
      <Filter>Source Files\misc</Filter>
    </ClInclude>
  </ItemGroup>
  <ItemGroup>
    <ResourceCompile Include="../res/taoetw.rc">
      <Filter>Resource Files</Filter>
    </ResourceCompile>
  </ItemGroup>
</Project>