<?xml version="1.0" encoding="utf-8"?>
<Project ToolsVersion="4.0" xmlns="http://schemas.microsoft.com/developer/msbuild/2003">
  <ItemGroup>
    <Filter Include="Source Files">
      <UniqueIdentifier>{4FC737F1-C7A5-4376-A066-2A32D752A2FF}</UniqueIdentifier>
      <Extensions>cpp;c;cc;cxx;def;odl;idl;hpj;bat;asm;asmx</Extensions>
    </Filter>
    <Filter Include="Header Files">
      <UniqueIdentifier>{93995380-89BD-4b04-88EB-625FBE52EBFB}</UniqueIdentifier>
      <Extensions>h;hh;hpp;hxx;hm;inl;inc;xsd</Extensions>
    </Filter>
    <Filter Include="Resource Files">
      <UniqueIdentifier>{67DA6AB6-F800-4c08-8B7A-83BB121AAD01}</UniqueIdentifier>
      <Extensions>rc;ico;cur;bmp;dlg;rc2;rct;bin;rgs;gif;jpg;jpeg;jpe;resx;tiff;tif;png;wav;mfcribbon-ms</Extensions>
    </Filter>
    <Filter Include="Source Files\taowin">
      <UniqueIdentifier>{efdaa5a1-8fad-4f69-af4f-45461087fb15}</UniqueIdentifier>
    </Filter>
    <Filter Include="Source Files\etw">
      <UniqueIdentifier>{7acd843e-c1d4-483f-922d-8dd2b7b94753}</UniqueIdentifier>
    </Filter>
    <Filter Include="Source Files\gui">
      <UniqueIdentifier>{8a0991d9-164b-4be7-ac08-f4e7a509f62e}</UniqueIdentifier>
    </Filter>
  </ItemGroup>
  <ItemGroup>
    <ClCompile Include="..\3rd\taowin\src\tw_control.cpp">
      <Filter>Source Files\taowin</Filter>
    </ClCompile>
    <ClCompile Include="..\3rd\taowin\src\tw_parser.cpp">
      <Filter>Source Files\taowin</Filter>
    </ClCompile>
    <ClCompile Include="..\3rd\taowin\src\tw_resmgr.cpp">
      <Filter>Source Files\taowin</Filter>
    </ClCompile>
    <ClCompile Include="..\3rd\taowin\src\tw_syscontrols.cpp">
      <Filter>Source Files\taowin</Filter>
    </ClCompile>
    <ClCompile Include="..\3rd\taowin\src\tw_taowin.cpp">
      <Filter>Source Files\taowin</Filter>
    </ClCompile>
    <ClCompile Include="..\3rd\taowin\src\tw_util.cpp">
      <Filter>Source Files\taowin</Filter>
    </ClCompile>
    <ClCompile Include="..\3rd\taowin\src\tw_window.cpp">
      <Filter>Source Files\taowin</Filter>
    </ClCompile>
    <ClCompile Include="..\src\consumer.cpp">
      <Filter>Source Files\etw</Filter>
    </ClCompile>
    <ClCompile Include="..\src\controller.cpp">
      <Filter>Source Files\etw</Filter>
    </ClCompile>
    <ClCompile Include="..\src\column_selection.cpp">
      <Filter>Source Files\gui</Filter>
    </ClCompile>
    <ClCompile Include="..\src\module_manager.cpp">
      <Filter>Source Files\gui</Filter>
    </ClCompile>
    <ClCompile Include="..\src\module_editor.cpp">
      <Filter>Source Files\gui</Filter>
    </ClCompile>
    <ClCompile Include="..\src\event_detail.cpp">
      <Filter>Source Files\gui</Filter>
    </ClCompile>
    <ClCompile Include="..\src\main_window.cpp">
      <Filter>Source Files\gui</Filter>
    </ClCompile>
    <ClCompile Include="..\src\main.cpp">
      <Filter>Source Files</Filter>
    </ClCompile>
  </ItemGroup>
  <ItemGroup>
    <ClInclude Include="..\3rd\taowin\src\tw_control.h">
      <Filter>Source Files\taowin</Filter>
    </ClInclude>
    <ClInclude Include="..\3rd\taowin\src\tw_parser.h">
      <Filter>Source Files\taowin</Filter>
    </ClInclude>
    <ClInclude Include="..\3rd\taowin\src\tw_resmgr.h">
      <Filter>Source Files\taowin</Filter>
    </ClInclude>
    <ClInclude Include="..\3rd\taowin\src\tw_syscontrols.h">
      <Filter>Source Files\taowin</Filter>
    </ClInclude>
    <ClInclude Include="..\3rd\taowin\src\tw_taowin.h">
      <Filter>Source Files\taowin</Filter>
    </ClInclude>
    <ClInclude Include="..\3rd\taowin\src\tw_util.h">
      <Filter>Source Files\taowin</Filter>
    </ClInclude>
    <ClInclude Include="..\3rd\taowin\src\tw_window.h">
      <Filter>Source Files\taowin</Filter>
    </ClInclude>
    <ClInclude Include="..\src\consumer.h">
      <Filter>Source Files\etw</Filter>
    </ClInclude>
    <ClInclude Include="..\src\controller.h">
      <Filter>Source Files\etw</Filter>
    </ClInclude>
    <ClInclude Include="../src/etwlogger.h">
      <Filter>Source Files\etw</Filter>
    </ClInclude>
    <ClInclude Include="..\src\column_selection.h">
      <Filter>Source Files\gui</Filter>
    </ClInclude>
    <ClInclude Include="..\src\module_manager.h">
      <Filter>Source Files\gui</Filter>
    </ClInclude>
    <ClInclude Include="..\src\module_editor.h">
      <Filter>Source Files\gui</Filter>
    </ClInclude>
    <ClInclude Include="..\src\event_detail.h">
      <Filter>Source Files\gui</Filter>
    </ClInclude>
    <ClInclude Include="..\src\main_window.h">
      <Filter>Source Files\gui</Filter>
    </ClInclude>
    <ClInclude Include="..\src\_module_entry.hpp">
      <Filter>Source Files\gui</Filter>
    </ClInclude>
  </ItemGroup>
</Project>